
Microsoft Visual Studio Solution File, Format Version 12.00
# Visual Studio Version 16
VisualStudioVersion = 16.0.34601.136
MinimumVisualStudioVersion = 10.0.40219.1
Project("{F184B08F-C81C-45F6-A57F-5ABD9991F28F}") = "MORE PRACTISE", "MORE PRACTISE.vbproj", "{D701872D-3F7D-4CB1-BE6C-9739944D280F}"
EndProject
Global
	GlobalSection(SolutionConfigurationPlatforms) = preSolution
		Debug|Any CPU = Debug|Any CPU
		Release|Any CPU = Release|Any CPU
	EndGlobalSection
	GlobalSection(ProjectConfigurationPlatforms) = postSolution
		{D701872D-3F7D-4CB1-BE6C-9739944D280F}.Debug|Any CPU.ActiveCfg = Debug|Any CPU
		{D701872D-3F7D-4CB1-BE6C-9739944D280F}.Debug|Any CPU.Build.0 = Debug|Any CPU
		{D701872D-3F7D-4CB1-BE6C-9739944D280F}.Release|Any CPU.ActiveCfg = Release|Any CPU
		{D701872D-3F7D-4CB1-BE6C-9739944D280F}.Release|Any CPU.Build.0 = Release|Any CPU
	EndGlobalSection
	GlobalSection(SolutionProperties) = preSolution
		HideSolutionNode = FALSE
	EndGlobalSection
	GlobalSection(ExtensibilityGlobals) = postSolution
		SolutionGuid = {6EE72952-F1AE-4F37-A129-8690B1010E7B}
	EndGlobalSection
EndGlobal
